
Microsoft Visual Studio Solution File, Format Version 11.00
# Visual Studio 2010
Project("{FAE04EC0-301F-11D3-BF4B-00C04F79EFBC}") = "churchforms", "churchforms.csproj", "{1836A578-8435-4352-A3C4-135944A90B25}"
EndProject
Project("{54435603-DBB4-11D2-8724-00A0C9A8B90C}") = "ChurchSetup", "ChurchSetup\ChurchSetup.vdproj", "{87B4344B-A96B-4199-B31D-53CA1718DCAC}"
EndProject
Global
	GlobalSection(SolutionConfigurationPlatforms) = preSolution
		Debug|Any CPU = Debug|Any CPU
		Debug|x86 = Debug|x86
		Release|Any CPU = Release|Any CPU
		Release|x86 = Release|x86
	EndGlobalSection
	GlobalSection(ProjectConfigurationPlatforms) = postSolution
		{1836A578-8435-4352-A3C4-135944A90B25}.Debug|Any CPU.ActiveCfg = Debug|Any CPU
		{1836A578-8435-4352-A3C4-135944A90B25}.Debug|Any CPU.Build.0 = Debug|Any CPU
		{1836A578-8435-4352-A3C4-135944A90B25}.Debug|x86.ActiveCfg = Debug|Any CPU
		{1836A578-8435-4352-A3C4-135944A90B25}.Debug|x86.Build.0 = Debug|Any CPU
		{1836A578-8435-4352-A3C4-135944A90B25}.Release|Any CPU.ActiveCfg = Release|Any CPU
		{1836A578-8435-4352-A3C4-135944A90B25}.Release|Any CPU.Build.0 = Release|Any CPU
		{1836A578-8435-4352-A3C4-135944A90B25}.Release|x86.ActiveCfg = Release|x86
		{1836A578-8435-4352-A3C4-135944A90B25}.Release|x86.Build.0 = Release|x86
		{87B4344B-A96B-4199-B31D-53CA1718DCAC}.Debug|Any CPU.ActiveCfg = Debug
		{87B4344B-A96B-4199-B31D-53CA1718DCAC}.Debug|Any CPU.Build.0 = Debug
		{87B4344B-A96B-4199-B31D-53CA1718DCAC}.Debug|x86.ActiveCfg = Debug
		{87B4344B-A96B-4199-B31D-53CA1718DCAC}.Release|Any CPU.ActiveCfg = Release
		{87B4344B-A96B-4199-B31D-53CA1718DCAC}.Release|Any CPU.Build.0 = Release
		{87B4344B-A96B-4199-B31D-53CA1718DCAC}.Release|x86.ActiveCfg = Release
	EndGlobalSection
	GlobalSection(SolutionProperties) = preSolution
		HideSolutionNode = FALSE
	EndGlobalSection
EndGlobal
